
Microsoft Visual Studio Solution File, Format Version 12.00
# Visual Studio Version 16
VisualStudioVersion = 25.0.1700.0
MinimumVisualStudioVersion = 10.0.40219.1
Project("{F2A71F9B-5D33-465A-A702-920D77279786}") = "3", "3.fsproj", "{FF5D4968-4404-428A-A018-CC2FA0F3A54E}"
EndProject
Global
	GlobalSection(SolutionConfigurationPlatforms) = preSolution
		Debug|Any CPU = Debug|Any CPU
		Release|Any CPU = Release|Any CPU
	EndGlobalSection
	GlobalSection(ProjectConfigurationPlatforms) = postSolution
		{FF5D4968-4404-428A-A018-CC2FA0F3A54E}.Debug|Any CPU.ActiveCfg = Debug|Any CPU
		{FF5D4968-4404-428A-A018-CC2FA0F3A54E}.Debug|Any CPU.Build.0 = Debug|Any CPU
		{FF5D4968-4404-428A-A018-CC2FA0F3A54E}.Release|Any CPU.ActiveCfg = Release|Any CPU
		{FF5D4968-4404-428A-A018-CC2FA0F3A54E}.Release|Any CPU.Build.0 = Release|Any CPU
	EndGlobalSection
	GlobalSection(SolutionProperties) = preSolution
		HideSolutionNode = FALSE
	EndGlobalSection
	GlobalSection(ExtensibilityGlobals) = postSolution
		SolutionGuid = {4CACDC4F-9B83-4D16-BFB8-52776FA79109}
	EndGlobalSection
EndGlobal
